// !$*UTF8*$!
{
	archiveVersion = 1;
	classes = {
	};
	objectVersion = 56;
	objects = {

/* Begin PBXBuildFile section */
		118ACA392C4042C400428AA8 /* ReservationApp.swift in Sources */ = {isa = PBXBuildFile; fileRef = 118ACA382C4042C400428AA8 /* ReservationApp.swift */; };
		118ACA3B2C4042C400428AA8 /* ClientSelectionView.swift in Sources */ = {isa = PBXBuildFile; fileRef = 118ACA3A2C4042C400428AA8 /* ClientSelectionView.swift */; };
		118ACA3D2C4042C600428AA8 /* Assets.xcassets in Resources */ = {isa = PBXBuildFile; fileRef = 118ACA3C2C4042C600428AA8 /* Assets.xcassets */; };
		118ACA412C4042C600428AA8 /* Preview Assets.xcassets in Resources */ = {isa = PBXBuildFile; fileRef = 118ACA402C4042C600428AA8 /* Preview Assets.xcassets */; };
		118ACA4B2C4042C700428AA8 /* ReservationTests.swift in Sources */ = {isa = PBXBuildFile; fileRef = 118ACA4A2C4042C700428AA8 /* ReservationTests.swift */; };
		118ACA552C4042C700428AA8 /* ReservationUITests.swift in Sources */ = {isa = PBXBuildFile; fileRef = 118ACA542C4042C700428AA8 /* ReservationUITests.swift */; };
		118ACA572C4042C700428AA8 /* ReservationUITestsLaunchTests.swift in Sources */ = {isa = PBXBuildFile; fileRef = 118ACA562C4042C700428AA8 /* ReservationUITestsLaunchTests.swift */; };
		118ACA642C40435000428AA8 /* DataModels.swift in Sources */ = {isa = PBXBuildFile; fileRef = 118ACA632C40435000428AA8 /* DataModels.swift */; };
		118ACA662C40447700428AA8 /* ProviderViewModel.swift in Sources */ = {isa = PBXBuildFile; fileRef = 118ACA652C40447700428AA8 /* ProviderViewModel.swift */; };
		118ACA682C40448400428AA8 /* ClientViewModel.swift in Sources */ = {isa = PBXBuildFile; fileRef = 118ACA672C40448400428AA8 /* ClientViewModel.swift */; };
		118ACA6A2C4048C700428AA8 /* ProviderDetailView.swift in Sources */ = {isa = PBXBuildFile; fileRef = 118ACA692C4048C700428AA8 /* ProviderDetailView.swift */; };
		118ACA6F2C404D6B00428AA8 /* ProviderListView.swift in Sources */ = {isa = PBXBuildFile; fileRef = 118ACA6E2C404D6B00428AA8 /* ProviderListView.swift */; };
		118ACA712C40510500428AA8 /* ReservationConfirmationView.swift in Sources */ = {isa = PBXBuildFile; fileRef = 118ACA702C40510500428AA8 /* ReservationConfirmationView.swift */; };
		118ACA732C4054BD00428AA8 /* Extension+Date.swift in Sources */ = {isa = PBXBuildFile; fileRef = 118ACA722C4054BD00428AA8 /* Extension+Date.swift */; };
		118ACA752C4055C000428AA8 /* ContentView.swift in Sources */ = {isa = PBXBuildFile; fileRef = 118ACA742C4055C000428AA8 /* ContentView.swift */; };
		118ACA772C40595E00428AA8 /* BannerView.swift in Sources */ = {isa = PBXBuildFile; fileRef = 118ACA762C40595E00428AA8 /* BannerView.swift */; };
/* End PBXBuildFile section */

/* Begin PBXContainerItemProxy section */
		118ACA472C4042C600428AA8 /* PBXContainerItemProxy */ = {
			isa = PBXContainerItemProxy;
			containerPortal = 118ACA2D2C4042C300428AA8 /* Project object */;
			proxyType = 1;
			remoteGlobalIDString = 118ACA342C4042C300428AA8;
			remoteInfo = Reservation;
		};
		118ACA512C4042C700428AA8 /* PBXContainerItemProxy */ = {
			isa = PBXContainerItemProxy;
			containerPortal = 118ACA2D2C4042C300428AA8 /* Project object */;
			proxyType = 1;
			remoteGlobalIDString = 118ACA342C4042C300428AA8;
			remoteInfo = Reservation;
		};
/* End PBXContainerItemProxy section */

/* Begin PBXFileReference section */
		118ACA352C4042C300428AA8 /* Reservation.app */ = {isa = PBXFileReference; explicitFileType = wrapper.application; includeInIndex = 0; path = Reservation.app; sourceTree = BUILT_PRODUCTS_DIR; };
		118ACA382C4042C400428AA8 /* ReservationApp.swift */ = {isa = PBXFileReference; lastKnownFileType = sourcecode.swift; path = ReservationApp.swift; sourceTree = "<group>"; };
		118ACA3A2C4042C400428AA8 /* ClientSelectionView.swift */ = {isa = PBXFileReference; lastKnownFileType = sourcecode.swift; path = ClientSelectionView.swift; sourceTree = "<group>"; };
		118ACA3C2C4042C600428AA8 /* Assets.xcassets */ = {isa = PBXFileReference; lastKnownFileType = folder.assetcatalog; path = Assets.xcassets; sourceTree = "<group>"; };
		118ACA3E2C4042C600428AA8 /* Reservation.entitlements */ = {isa = PBXFileReference; lastKnownFileType = text.plist.entitlements; path = Reservation.entitlements; sourceTree = "<group>"; };
		118ACA402C4042C600428AA8 /* Preview Assets.xcassets */ = {isa = PBXFileReference; lastKnownFileType = folder.assetcatalog; path = "Preview Assets.xcassets"; sourceTree = "<group>"; };
		118ACA462C4042C600428AA8 /* ReservationTests.xctest */ = {isa = PBXFileReference; explicitFileType = wrapper.cfbundle; includeInIndex = 0; path = ReservationTests.xctest; sourceTree = BUILT_PRODUCTS_DIR; };
		118ACA4A2C4042C700428AA8 /* ReservationTests.swift */ = {isa = PBXFileReference; lastKnownFileType = sourcecode.swift; path = ReservationTests.swift; sourceTree = "<group>"; };
		118ACA502C4042C700428AA8 /* ReservationUITests.xctest */ = {isa = PBXFileReference; explicitFileType = wrapper.cfbundle; includeInIndex = 0; path = ReservationUITests.xctest; sourceTree = BUILT_PRODUCTS_DIR; };
		118ACA542C4042C700428AA8 /* ReservationUITests.swift */ = {isa = PBXFileReference; lastKnownFileType = sourcecode.swift; path = ReservationUITests.swift; sourceTree = "<group>"; };
		118ACA562C4042C700428AA8 /* ReservationUITestsLaunchTests.swift */ = {isa = PBXFileReference; lastKnownFileType = sourcecode.swift; path = ReservationUITestsLaunchTests.swift; sourceTree = "<group>"; };
		118ACA632C40435000428AA8 /* DataModels.swift */ = {isa = PBXFileReference; lastKnownFileType = sourcecode.swift; path = DataModels.swift; sourceTree = "<group>"; };
		118ACA652C40447700428AA8 /* ProviderViewModel.swift */ = {isa = PBXFileReference; lastKnownFileType = sourcecode.swift; path = ProviderViewModel.swift; sourceTree = "<group>"; };
		118ACA672C40448400428AA8 /* ClientViewModel.swift */ = {isa = PBXFileReference; lastKnownFileType = sourcecode.swift; path = ClientViewModel.swift; sourceTree = "<group>"; };
		118ACA692C4048C700428AA8 /* ProviderDetailView.swift */ = {isa = PBXFileReference; lastKnownFileType = sourcecode.swift; path = ProviderDetailView.swift; sourceTree = "<group>"; };
		118ACA6E2C404D6B00428AA8 /* ProviderListView.swift */ = {isa = PBXFileReference; lastKnownFileType = sourcecode.swift; path = ProviderListView.swift; sourceTree = "<group>"; };
		118ACA702C40510500428AA8 /* ReservationConfirmationView.swift */ = {isa = PBXFileReference; lastKnownFileType = sourcecode.swift; path = ReservationConfirmationView.swift; sourceTree = "<group>"; };
		118ACA722C4054BD00428AA8 /* Extension+Date.swift */ = {isa = PBXFileReference; lastKnownFileType = sourcecode.swift; path = "Extension+Date.swift"; sourceTree = "<group>"; };
		118ACA742C4055C000428AA8 /* ContentView.swift */ = {isa = PBXFileReference; lastKnownFileType = sourcecode.swift; path = ContentView.swift; sourceTree = "<group>"; };
		118ACA762C40595E00428AA8 /* BannerView.swift */ = {isa = PBXFileReference; lastKnownFileType = sourcecode.swift; path = BannerView.swift; sourceTree = "<group>"; };
/* End PBXFileReference section */

/* Begin PBXFrameworksBuildPhase section */
		118ACA322C4042C300428AA8 /* Frameworks */ = {
			isa = PBXFrameworksBuildPhase;
			buildActionMask = 2147483647;
			files = (
			);
			runOnlyForDeploymentPostprocessing = 0;
		};
		118ACA432C4042C600428AA8 /* Frameworks */ = {
			isa = PBXFrameworksBuildPhase;
			buildActionMask = 2147483647;
			files = (
			);
			runOnlyForDeploymentPostprocessing = 0;
		};
		118ACA4D2C4042C700428AA8 /* Frameworks */ = {
			isa = PBXFrameworksBuildPhase;
			buildActionMask = 2147483647;
			files = (
			);
			runOnlyForDeploymentPostprocessing = 0;
		};
/* End PBXFrameworksBuildPhase section */

/* Begin PBXGroup section */
		118ACA2C2C4042C300428AA8 = {
			isa = PBXGroup;
			children = (
				118ACA372C4042C300428AA8 /* Reservation */,
				118ACA492C4042C600428AA8 /* ReservationTests */,
				118ACA532C4042C700428AA8 /* ReservationUITests */,
				118ACA362C4042C300428AA8 /* Products */,
			);
			sourceTree = "<group>";
		};
		118ACA362C4042C300428AA8 /* Products */ = {
			isa = PBXGroup;
			children = (
				118ACA352C4042C300428AA8 /* Reservation.app */,
				118ACA462C4042C600428AA8 /* ReservationTests.xctest */,
				118ACA502C4042C700428AA8 /* ReservationUITests.xctest */,
			);
			name = Products;
			sourceTree = "<group>";
		};
		118ACA372C4042C300428AA8 /* Reservation */ = {
			isa = PBXGroup;
			children = (
				118ACA382C4042C400428AA8 /* ReservationApp.swift */,
				118ACA722C4054BD00428AA8 /* Extension+Date.swift */,
				118ACA6B2C40494E00428AA8 /* Views */,
				118ACA6D2C40498600428AA8 /* Data */,
				118ACA6C2C40496400428AA8 /* ViewModels */,
				118ACA3C2C4042C600428AA8 /* Assets.xcassets */,
				118ACA3E2C4042C600428AA8 /* Reservation.entitlements */,
				118ACA3F2C4042C600428AA8 /* Preview Content */,
			);
			path = Reservation;
			sourceTree = "<group>";
		};
		118ACA3F2C4042C600428AA8 /* Preview Content */ = {
			isa = PBXGroup;
			children = (
				118ACA402C4042C600428AA8 /* Preview Assets.xcassets */,
			);
			path = "Preview Content";
			sourceTree = "<group>";
		};
		118ACA492C4042C600428AA8 /* ReservationTests */ = {
			isa = PBXGroup;
			children = (
				118ACA4A2C4042C700428AA8 /* ReservationTests.swift */,
			);
			path = ReservationTests;
			sourceTree = "<group>";
		};
		118ACA532C4042C700428AA8 /* ReservationUITests */ = {
			isa = PBXGroup;
			children = (
				118ACA542C4042C700428AA8 /* ReservationUITests.swift */,
				118ACA562C4042C700428AA8 /* ReservationUITestsLaunchTests.swift */,
			);
			path = ReservationUITests;
			sourceTree = "<group>";
		};
		118ACA6B2C40494E00428AA8 /* Views */ = {
			isa = PBXGroup;
			children = (
				118ACA3A2C4042C400428AA8 /* ClientSelectionView.swift */,
				118ACA742C4055C000428AA8 /* ContentView.swift */,
				118ACA762C40595E00428AA8 /* BannerView.swift */,
				118ACA692C4048C700428AA8 /* ProviderDetailView.swift */,
				118ACA6E2C404D6B00428AA8 /* ProviderListView.swift */,
				118ACA702C40510500428AA8 /* ReservationConfirmationView.swift */,
			);
			path = Views;
			sourceTree = "<group>";
		};
		118ACA6C2C40496400428AA8 /* ViewModels */ = {
			isa = PBXGroup;
			children = (
				118ACA652C40447700428AA8 /* ProviderViewModel.swift */,
				118ACA672C40448400428AA8 /* ClientViewModel.swift */,
			);
			path = ViewModels;
			sourceTree = "<group>";
		};
		118ACA6D2C40498600428AA8 /* Data */ = {
			isa = PBXGroup;
			children = (
				118ACA632C40435000428AA8 /* DataModels.swift */,
			);
			path = Data;
			sourceTree = "<group>";
		};
/* End PBXGroup section */

/* Begin PBXNativeTarget section */
		118ACA342C4042C300428AA8 /* Reservation */ = {
			isa = PBXNativeTarget;
			buildConfigurationList = 118ACA5A2C4042C700428AA8 /* Build configuration list for PBXNativeTarget "Reservation" */;
			buildPhases = (
				118ACA312C4042C300428AA8 /* Sources */,
				118ACA322C4042C300428AA8 /* Frameworks */,
				118ACA332C4042C300428AA8 /* Resources */,
			);
			buildRules = (
			);
			dependencies = (
			);
			name = Reservation;
			productName = Reservation;
			productReference = 118ACA352C4042C300428AA8 /* Reservation.app */;
			productType = "com.apple.product-type.application";
		};
		118ACA452C4042C600428AA8 /* ReservationTests */ = {
			isa = PBXNativeTarget;
			buildConfigurationList = 118ACA5D2C4042C700428AA8 /* Build configuration list for PBXNativeTarget "ReservationTests" */;
			buildPhases = (
				118ACA422C4042C600428AA8 /* Sources */,
				118ACA432C4042C600428AA8 /* Frameworks */,
				118ACA442C4042C600428AA8 /* Resources */,
			);
			buildRules = (
			);
			dependencies = (
				118ACA482C4042C600428AA8 /* PBXTargetDependency */,
			);
			name = ReservationTests;
			productName = ReservationTests;
			productReference = 118ACA462C4042C600428AA8 /* ReservationTests.xctest */;
			productType = "com.apple.product-type.bundle.unit-test";
		};
		118ACA4F2C4042C700428AA8 /* ReservationUITests */ = {
			isa = PBXNativeTarget;
			buildConfigurationList = 118ACA602C4042C700428AA8 /* Build configuration list for PBXNativeTarget "ReservationUITests" */;
			buildPhases = (
				118ACA4C2C4042C700428AA8 /* Sources */,
				118ACA4D2C4042C700428AA8 /* Frameworks */,
				118ACA4E2C4042C700428AA8 /* Resources */,
			);
			buildRules = (
			);
			dependencies = (
				118ACA522C4042C700428AA8 /* PBXTargetDependency */,
			);
			name = ReservationUITests;
			productName = ReservationUITests;
			productReference = 118ACA502C4042C700428AA8 /* ReservationUITests.xctest */;
			productType = "com.apple.product-type.bundle.ui-testing";
		};
/* End PBXNativeTarget section */

/* Begin PBXProject section */
		118ACA2D2C4042C300428AA8 /* Project object */ = {
			isa = PBXProject;
			attributes = {
				BuildIndependentTargetsInParallel = 1;
				LastSwiftUpdateCheck = 1540;
				LastUpgradeCheck = 1540;
				TargetAttributes = {
					118ACA342C4042C300428AA8 = {
						CreatedOnToolsVersion = 15.4;
					};
					118ACA452C4042C600428AA8 = {
						CreatedOnToolsVersion = 15.4;
						TestTargetID = 118ACA342C4042C300428AA8;
					};
					118ACA4F2C4042C700428AA8 = {
						CreatedOnToolsVersion = 15.4;
						TestTargetID = 118ACA342C4042C300428AA8;
					};
				};
			};
			buildConfigurationList = 118ACA302C4042C300428AA8 /* Build configuration list for PBXProject "Reservation" */;
			compatibilityVersion = "Xcode 14.0";
			developmentRegion = en;
			hasScannedForEncodings = 0;
			knownRegions = (
				en,
				Base,
			);
			mainGroup = 118ACA2C2C4042C300428AA8;
			productRefGroup = 118ACA362C4042C300428AA8 /* Products */;
			projectDirPath = "";
			projectRoot = "";
			targets = (
				118ACA342C4042C300428AA8 /* Reservation */,
				118ACA452C4042C600428AA8 /* ReservationTests */,
				118ACA4F2C4042C700428AA8 /* ReservationUITests */,
			);
		};
/* End PBXProject section */

/* Begin PBXResourcesBuildPhase section */
		118ACA332C4042C300428AA8 /* Resources */ = {
			isa = PBXResourcesBuildPhase;
			buildActionMask = 2147483647;
			files = (
				118ACA412C4042C600428AA8 /* Preview Assets.xcassets in Resources */,
				118ACA3D2C4042C600428AA8 /* Assets.xcassets in Resources */,
			);
			runOnlyForDeploymentPostprocessing = 0;
		};
		118ACA442C4042C600428AA8 /* Resources */ = {
			isa = PBXResourcesBuildPhase;
			buildActionMask = 2147483647;
			files = (
			);
			runOnlyForDeploymentPostprocessing = 0;
		};
		118ACA4E2C4042C700428AA8 /* Resources */ = {
			isa = PBXResourcesBuildPhase;
			buildActionMask = 2147483647;
			files = (
			);
			runOnlyForDeploymentPostprocessing = 0;
		};
/* End PBXResourcesBuildPhase section */

/* Begin PBXSourcesBuildPhase section */
		118ACA312C4042C300428AA8 /* Sources */ = {
			isa = PBXSourcesBuildPhase;
			buildActionMask = 2147483647;
			files = (
				118ACA6A2C4048C700428AA8 /* ProviderDetailView.swift in Sources */,
				118ACA642C40435000428AA8 /* DataModels.swift in Sources */,
				118ACA662C40447700428AA8 /* ProviderViewModel.swift in Sources */,
				118ACA732C4054BD00428AA8 /* Extension+Date.swift in Sources */,
				118ACA682C40448400428AA8 /* ClientViewModel.swift in Sources */,
				118ACA3B2C4042C400428AA8 /* ClientSelectionView.swift in Sources */,
				118ACA752C4055C000428AA8 /* ContentView.swift in Sources */,
				118ACA772C40595E00428AA8 /* BannerView.swift in Sources */,
				118ACA392C4042C400428AA8 /* ReservationApp.swift in Sources */,
				118ACA712C40510500428AA8 /* ReservationConfirmationView.swift in Sources */,
				118ACA6F2C404D6B00428AA8 /* ProviderListView.swift in Sources */,
			);
			runOnlyForDeploymentPostprocessing = 0;
		};
		118ACA422C4042C600428AA8 /* Sources */ = {
			isa = PBXSourcesBuildPhase;
			buildActionMask = 2147483647;
			files = (
				118ACA4B2C4042C700428AA8 /* ReservationTests.swift in Sources */,
			);
			runOnlyForDeploymentPostprocessing = 0;
		};
		118ACA4C2C4042C700428AA8 /* Sources */ = {
			isa = PBXSourcesBuildPhase;
			buildActionMask = 2147483647;
			files = (
				118ACA552C4042C700428AA8 /* ReservationUITests.swift in Sources */,
				118ACA572C4042C700428AA8 /* ReservationUITestsLaunchTests.swift in Sources */,
			);
			runOnlyForDeploymentPostprocessing = 0;
		};
/* End PBXSourcesBuildPhase section */

/* Begin PBXTargetDependency section */
		118ACA482C4042C600428AA8 /* PBXTargetDependency */ = {
			isa = PBXTargetDependency;
			target = 118ACA342C4042C300428AA8 /* Reservation */;
			targetProxy = 118ACA472C4042C600428AA8 /* PBXContainerItemProxy */;
		};
		118ACA522C4042C700428AA8 /* PBXTargetDependency */ = {
			isa = PBXTargetDependency;
			target = 118ACA342C4042C300428AA8 /* Reservation */;
			targetProxy = 118ACA512C4042C700428AA8 /* PBXContainerItemProxy */;
		};
/* End PBXTargetDependency section */

/* Begin XCBuildConfiguration section */
		118ACA582C4042C700428AA8 /* Debug */ = {
			isa = XCBuildConfiguration;
			buildSettings = {
				ALWAYS_SEARCH_USER_PATHS = NO;
				ASSETCATALOG_COMPILER_GENERATE_SWIFT_ASSET_SYMBOL_EXTENSIONS = YES;
				CLANG_ANALYZER_NONNULL = YES;
				CLANG_ANALYZER_NUMBER_OBJECT_CONVERSION = YES_AGGRESSIVE;
				CLANG_CXX_LANGUAGE_STANDARD = "gnu++20";
				CLANG_ENABLE_MODULES = YES;
				CLANG_ENABLE_OBJC_ARC = YES;
				CLANG_ENABLE_OBJC_WEAK = YES;
				CLANG_WARN_BLOCK_CAPTURE_AUTORELEASING = YES;
				CLANG_WARN_BOOL_CONVERSION = YES;
				CLANG_WARN_COMMA = YES;
				CLANG_WARN_CONSTANT_CONVERSION = YES;
				CLANG_WARN_DEPRECATED_OBJC_IMPLEMENTATIONS = YES;
				CLANG_WARN_DIRECT_OBJC_ISA_USAGE = YES_ERROR;
				CLANG_WARN_DOCUMENTATION_COMMENTS = YES;
				CLANG_WARN_EMPTY_BODY = YES;
				CLANG_WARN_ENUM_CONVERSION = YES;
				CLANG_WARN_INFINITE_RECURSION = YES;
				CLANG_WARN_INT_CONVERSION = YES;
				CLANG_WARN_NON_LITERAL_NULL_CONVERSION = YES;
				CLANG_WARN_OBJC_IMPLICIT_RETAIN_SELF = YES;
				CLANG_WARN_OBJC_LITERAL_CONVERSION = YES;
				CLANG_WARN_OBJC_ROOT_CLASS = YES_ERROR;
				CLANG_WARN_QUOTED_INCLUDE_IN_FRAMEWORK_HEADER = YES;
				CLANG_WARN_RANGE_LOOP_ANALYSIS = YES;
				CLANG_WARN_STRICT_PROTOTYPES = YES;
				CLANG_WARN_SUSPICIOUS_MOVE = YES;
				CLANG_WARN_UNGUARDED_AVAILABILITY = YES_AGGRESSIVE;
				CLANG_WARN_UNREACHABLE_CODE = YES;
				CLANG_WARN__DUPLICATE_METHOD_MATCH = YES;
				COPY_PHASE_STRIP = NO;
				DEBUG_INFORMATION_FORMAT = dwarf;
				ENABLE_STRICT_OBJC_MSGSEND = YES;
				ENABLE_TESTABILITY = YES;
				ENABLE_USER_SCRIPT_SANDBOXING = YES;
				GCC_C_LANGUAGE_STANDARD = gnu17;
				GCC_DYNAMIC_NO_PIC = NO;
				GCC_NO_COMMON_BLOCKS = YES;
				GCC_OPTIMIZATION_LEVEL = 0;
				GCC_PREPROCESSOR_DEFINITIONS = (
					"DEBUG=1",
					"$(inherited)",
				);
				GCC_WARN_64_TO_32_BIT_CONVERSION = YES;
				GCC_WARN_ABOUT_RETURN_TYPE = YES_ERROR;
				GCC_WARN_UNDECLARED_SELECTOR = YES;
				GCC_WARN_UNINITIALIZED_AUTOS = YES_AGGRESSIVE;
				GCC_WARN_UNUSED_FUNCTION = YES;
				GCC_WARN_UNUSED_VARIABLE = YES;
				LOCALIZATION_PREFERS_STRING_CATALOGS = YES;
				MTL_ENABLE_DEBUG_INFO = INCLUDE_SOURCE;
				MTL_FAST_MATH = YES;
				ONLY_ACTIVE_ARCH = YES;
				SWIFT_ACTIVE_COMPILATION_CONDITIONS = "DEBUG $(inherited)";
				SWIFT_OPTIMIZATION_LEVEL = "-Onone";
			};
			name = Debug;
		};
		118ACA592C4042C700428AA8 /* Release */ = {
			isa = XCBuildConfiguration;
			buildSettings = {
				ALWAYS_SEARCH_USER_PATHS = NO;
				ASSETCATALOG_COMPILER_GENERATE_SWIFT_ASSET_SYMBOL_EXTENSIONS = YES;
				CLANG_ANALYZER_NONNULL = YES;
				CLANG_ANALYZER_NUMBER_OBJECT_CONVERSION = YES_AGGRESSIVE;
				CLANG_CXX_LANGUAGE_STANDARD = "gnu++20";
				CLANG_ENABLE_MODULES = YES;
				CLANG_ENABLE_OBJC_ARC = YES;
				CLANG_ENABLE_OBJC_WEAK = YES;
				CLANG_WARN_BLOCK_CAPTURE_AUTORELEASING = YES;
				CLANG_WARN_BOOL_CONVERSION = YES;
				CLANG_WARN_COMMA = YES;
				CLANG_WARN_CONSTANT_CONVERSION = YES;
				CLANG_WARN_DEPRECATED_OBJC_IMPLEMENTATIONS = YES;
				CLANG_WARN_DIRECT_OBJC_ISA_USAGE = YES_ERROR;
				CLANG_WARN_DOCUMENTATION_COMMENTS = YES;
				CLANG_WARN_EMPTY_BODY = YES;
				CLANG_WARN_ENUM_CONVERSION = YES;
				CLANG_WARN_INFINITE_RECURSION = YES;
				CLANG_WARN_INT_CONVERSION = YES;
				CLANG_WARN_NON_LITERAL_NULL_CONVERSION = YES;
				CLANG_WARN_OBJC_IMPLICIT_RETAIN_SELF = YES;
				CLANG_WARN_OBJC_LITERAL_CONVERSION = YES;
				CLANG_WARN_OBJC_ROOT_CLASS = YES_ERROR;
				CLANG_WARN_QUOTED_INCLUDE_IN_FRAMEWORK_HEADER = YES;
				CLANG_WARN_RANGE_LOOP_ANALYSIS = YES;
				CLANG_WARN_STRICT_PROTOTYPES = YES;
				CLANG_WARN_SUSPICIOUS_MOVE = YES;
				CLANG_WARN_UNGUARDED_AVAILABILITY = YES_AGGRESSIVE;
				CLANG_WARN_UNREACHABLE_CODE = YES;
				CLANG_WARN__DUPLICATE_METHOD_MATCH = YES;
				COPY_PHASE_STRIP = NO;
				DEBUG_INFORMATION_FORMAT = "dwarf-with-dsym";
				ENABLE_NS_ASSERTIONS = NO;
				ENABLE_STRICT_OBJC_MSGSEND = YES;
				ENABLE_USER_SCRIPT_SANDBOXING = YES;
				GCC_C_LANGUAGE_STANDARD = gnu17;
				GCC_NO_COMMON_BLOCKS = YES;
				GCC_WARN_64_TO_32_BIT_CONVERSION = YES;
				GCC_WARN_ABOUT_RETURN_TYPE = YES_ERROR;
				GCC_WARN_UNDECLARED_SELECTOR = YES;
				GCC_WARN_UNINITIALIZED_AUTOS = YES_AGGRESSIVE;
				GCC_WARN_UNUSED_FUNCTION = YES;
				GCC_WARN_UNUSED_VARIABLE = YES;
				LOCALIZATION_PREFERS_STRING_CATALOGS = YES;
				MTL_ENABLE_DEBUG_INFO = NO;
				MTL_FAST_MATH = YES;
				SWIFT_COMPILATION_MODE = wholemodule;
			};
			name = Release;
		};
		118ACA5B2C4042C700428AA8 /* Debug */ = {
			isa = XCBuildConfiguration;
			buildSettings = {
				ASSETCATALOG_COMPILER_APPICON_NAME = AppIcon;
				ASSETCATALOG_COMPILER_GLOBAL_ACCENT_COLOR_NAME = AccentColor;
				CODE_SIGN_ENTITLEMENTS = Reservation/Reservation.entitlements;
				CODE_SIGN_STYLE = Automatic;
				CURRENT_PROJECT_VERSION = 1;
				DEVELOPMENT_ASSET_PATHS = "\"Reservation/Preview Content\"";
				DEVELOPMENT_TEAM = ALXKUG8ZG4;
				ENABLE_HARDENED_RUNTIME = YES;
				ENABLE_PREVIEWS = YES;
				GENERATE_INFOPLIST_FILE = YES;
				"INFOPLIST_KEY_UIApplicationSceneManifest_Generation[sdk=iphoneos*]" = YES;
				"INFOPLIST_KEY_UIApplicationSceneManifest_Generation[sdk=iphonesimulator*]" = YES;
				"INFOPLIST_KEY_UIApplicationSupportsIndirectInputEvents[sdk=iphoneos*]" = YES;
				"INFOPLIST_KEY_UIApplicationSupportsIndirectInputEvents[sdk=iphonesimulator*]" = YES;
				"INFOPLIST_KEY_UILaunchScreen_Generation[sdk=iphoneos*]" = YES;
				"INFOPLIST_KEY_UILaunchScreen_Generation[sdk=iphonesimulator*]" = YES;
				"INFOPLIST_KEY_UIStatusBarStyle[sdk=iphoneos*]" = UIStatusBarStyleDefault;
				"INFOPLIST_KEY_UIStatusBarStyle[sdk=iphonesimulator*]" = UIStatusBarStyleDefault;
				INFOPLIST_KEY_UISupportedInterfaceOrientations_iPad = "UIInterfaceOrientationPortrait UIInterfaceOrientationPortraitUpsideDown UIInterfaceOrientationLandscapeLeft UIInterfaceOrientationLandscapeRight";
				INFOPLIST_KEY_UISupportedInterfaceOrientations_iPhone = "UIInterfaceOrientationPortrait UIInterfaceOrientationLandscapeLeft UIInterfaceOrientationLandscapeRight";
				IPHONEOS_DEPLOYMENT_TARGET = 17.5;
				LD_RUNPATH_SEARCH_PATHS = "@executable_path/Frameworks";
				"LD_RUNPATH_SEARCH_PATHS[sdk=macosx*]" = "@executable_path/../Frameworks";
				MACOSX_DEPLOYMENT_TARGET = 14.2;
				MARKETING_VERSION = 1.0;
				PRODUCT_BUNDLE_IDENTIFIER = fishercraigj.Reservation;
				PRODUCT_NAME = "$(TARGET_NAME)";
				SDKROOT = auto;
				SUPPORTED_PLATFORMS = "iphoneos iphonesimulator macosx";
				SWIFT_EMIT_LOC_STRINGS = YES;
				SWIFT_VERSION = 5.0;
				TARGETED_DEVICE_FAMILY = "1,2";
			};
			name = Debug;
		};
		118ACA5C2C4042C700428AA8 /* Release */ = {
			isa = XCBuildConfiguration;
			buildSettings = {
				ASSETCATALOG_COMPILER_APPICON_NAME = AppIcon;
				ASSETCATALOG_COMPILER_GLOBAL_ACCENT_COLOR_NAME = AccentColor;
				CODE_SIGN_ENTITLEMENTS = Reservation/Reservation.entitlements;
				CODE_SIGN_STYLE = Automatic;
				CURRENT_PROJECT_VERSION = 1;
				DEVELOPMENT_ASSET_PATHS = "\"Reservation/Preview Content\"";
				DEVELOPMENT_TEAM = ALXKUG8ZG4;
				ENABLE_HARDENED_RUNTIME = YES;
				ENABLE_PREVIEWS = YES;
				GENERATE_INFOPLIST_FILE = YES;
				"INFOPLIST_KEY_UIApplicationSceneManifest_Generation[sdk=iphoneos*]" = YES;
				"INFOPLIST_KEY_UIApplicationSceneManifest_Generation[sdk=iphonesimulator*]" = YES;
				"INFOPLIST_KEY_UIApplicationSupportsIndirectInputEvents[sdk=iphoneos*]" = YES;
				"INFOPLIST_KEY_UIApplicationSupportsIndirectInputEvents[sdk=iphonesimulator*]" = YES;
				"INFOPLIST_KEY_UILaunchScreen_Generation[sdk=iphoneos*]" = YES;
				"INFOPLIST_KEY_UILaunchScreen_Generation[sdk=iphonesimulator*]" = YES;
				"INFOPLIST_KEY_UIStatusBarStyle[sdk=iphoneos*]" = UIStatusBarStyleDefault;
				"INFOPLIST_KEY_UIStatusBarStyle[sdk=iphonesimulator*]" = UIStatusBarStyleDefault;
				INFOPLIST_KEY_UISupportedInterfaceOrientations_iPad = "UIInterfaceOrientationPortrait UIInterfaceOrientationPortraitUpsideDown UIInterfaceOrientationLandscapeLeft UIInterfaceOrientationLandscapeRight";
				INFOPLIST_KEY_UISupportedInterfaceOrientations_iPhone = "UIInterfaceOrientationPortrait UIInterfaceOrientationLandscapeLeft UIInterfaceOrientationLandscapeRight";
				IPHONEOS_DEPLOYMENT_TARGET = 17.5;
				LD_RUNPATH_SEARCH_PATHS = "@executable_path/Frameworks";
				"LD_RUNPATH_SEARCH_PATHS[sdk=macosx*]" = "@executable_path/../Frameworks";
				MACOSX_DEPLOYMENT_TARGET = 14.2;
				MARKETING_VERSION = 1.0;
				PRODUCT_BUNDLE_IDENTIFIER = fishercraigj.Reservation;
				PRODUCT_NAME = "$(TARGET_NAME)";
				SDKROOT = auto;
				SUPPORTED_PLATFORMS = "iphoneos iphonesimulator macosx";
				SWIFT_EMIT_LOC_STRINGS = YES;
				SWIFT_VERSION = 5.0;
				TARGETED_DEVICE_FAMILY = "1,2";
			};
			name = Release;
		};
		118ACA5E2C4042C700428AA8 /* Debug */ = {
			isa = XCBuildConfiguration;
			buildSettings = {
				ALWAYS_EMBED_SWIFT_STANDARD_LIBRARIES = YES;
				BUNDLE_LOADER = "$(TEST_HOST)";
				CODE_SIGN_STYLE = Automatic;
				CURRENT_PROJECT_VERSION = 1;
				DEVELOPMENT_TEAM = ALXKUG8ZG4;
				GENERATE_INFOPLIST_FILE = YES;
				IPHONEOS_DEPLOYMENT_TARGET = 17.5;
				MACOSX_DEPLOYMENT_TARGET = 14.2;
				MARKETING_VERSION = 1.0;
				PRODUCT_BUNDLE_IDENTIFIER = fishercraigj.ReservationTests;
				PRODUCT_NAME = "$(TARGET_NAME)";
				SDKROOT = auto;
				SUPPORTED_PLATFORMS = "iphoneos iphonesimulator macosx";
				SWIFT_EMIT_LOC_STRINGS = NO;
				SWIFT_VERSION = 5.0;
				TARGETED_DEVICE_FAMILY = "1,2";
				TEST_HOST = "$(BUILT_PRODUCTS_DIR)/Reservation.app/$(BUNDLE_EXECUTABLE_FOLDER_PATH)/Reservation";
			};
			name = Debug;
		};
		118ACA5F2C4042C700428AA8 /* Release */ = {
			isa = XCBuildConfiguration;
			buildSettings = {
				ALWAYS_EMBED_SWIFT_STANDARD_LIBRARIES = YES;
				BUNDLE_LOADER = "$(TEST_HOST)";
				CODE_SIGN_STYLE = Automatic;
				CURRENT_PROJECT_VERSION = 1;
				DEVELOPMENT_TEAM = ALXKUG8ZG4;
				GENERATE_INFOPLIST_FILE = YES;
				IPHONEOS_DEPLOYMENT_TARGET = 17.5;
				MACOSX_DEPLOYMENT_TARGET = 14.2;
				MARKETING_VERSION = 1.0;
				PRODUCT_BUNDLE_IDENTIFIER = fishercraigj.ReservationTests;
				PRODUCT_NAME = "$(TARGET_NAME)";
				SDKROOT = auto;
				SUPPORTED_PLATFORMS = "iphoneos iphonesimulator macosx";
				SWIFT_EMIT_LOC_STRINGS = NO;
				SWIFT_VERSION = 5.0;
				TARGETED_DEVICE_FAMILY = "1,2";
				TEST_HOST = "$(BUILT_PRODUCTS_DIR)/Reservation.app/$(BUNDLE_EXECUTABLE_FOLDER_PATH)/Reservation";
			};
			name = Release;
		};
		118ACA612C4042C700428AA8 /* Debug */ = {
			isa = XCBuildConfiguration;
			buildSettings = {
				ALWAYS_EMBED_SWIFT_STANDARD_LIBRARIES = YES;
				CODE_SIGN_STYLE = Automatic;
				CURRENT_PROJECT_VERSION = 1;
				DEVELOPMENT_TEAM = ALXKUG8ZG4;
				GENERATE_INFOPLIST_FILE = YES;
				IPHONEOS_DEPLOYMENT_TARGET = 17.5;
				MACOSX_DEPLOYMENT_TARGET = 14.2;
				MARKETING_VERSION = 1.0;
				PRODUCT_BUNDLE_IDENTIFIER = fishercraigj.ReservationUITests;
				PRODUCT_NAME = "$(TARGET_NAME)";
				SDKROOT = auto;
				SUPPORTED_PLATFORMS = "iphoneos iphonesimulator macosx";
				SWIFT_EMIT_LOC_STRINGS = NO;
				SWIFT_VERSION = 5.0;
				TARGETED_DEVICE_FAMILY = "1,2";
				TEST_TARGET_NAME = Reservation;
			};
			name = Debug;
		};
		118ACA622C4042C700428AA8 /* Release */ = {
			isa = XCBuildConfiguration;
			buildSettings = {
				ALWAYS_EMBED_SWIFT_STANDARD_LIBRARIES = YES;
				CODE_SIGN_STYLE = Automatic;
				CURRENT_PROJECT_VERSION = 1;
				DEVELOPMENT_TEAM = ALXKUG8ZG4;
				GENERATE_INFOPLIST_FILE = YES;
				IPHONEOS_DEPLOYMENT_TARGET = 17.5;
				MACOSX_DEPLOYMENT_TARGET = 14.2;
				MARKETING_VERSION = 1.0;
				PRODUCT_BUNDLE_IDENTIFIER = fishercraigj.ReservationUITests;
				PRODUCT_NAME = "$(TARGET_NAME)";
				SDKROOT = auto;
				SUPPORTED_PLATFORMS = "iphoneos iphonesimulator macosx";
				SWIFT_EMIT_LOC_STRINGS = NO;
				SWIFT_VERSION = 5.0;
				TARGETED_DEVICE_FAMILY = "1,2";
				TEST_TARGET_NAME = Reservation;
			};
			name = Release;
		};
/* End XCBuildConfiguration section */

/* Begin XCConfigurationList section */
		118ACA302C4042C300428AA8 /* Build configuration list for PBXProject "Reservation" */ = {
			isa = XCConfigurationList;
			buildConfigurations = (
				118ACA582C4042C700428AA8 /* Debug */,
				118ACA592C4042C700428AA8 /* Release */,
			);
			defaultConfigurationIsVisible = 0;
			defaultConfigurationName = Release;
		};
		118ACA5A2C4042C700428AA8 /* Build configuration list for PBXNativeTarget "Reservation" */ = {
			isa = XCConfigurationList;
			buildConfigurations = (
				118ACA5B2C4042C700428AA8 /* Debug */,
				118ACA5C2C4042C700428AA8 /* Release */,
			);
			defaultConfigurationIsVisible = 0;
			defaultConfigurationName = Release;
		};
		118ACA5D2C4042C700428AA8 /* Build configuration list for PBXNativeTarget "ReservationTests" */ = {
			isa = XCConfigurationList;
			buildConfigurations = (
				118ACA5E2C4042C700428AA8 /* Debug */,
				118ACA5F2C4042C700428AA8 /* Release */,
			);
			defaultConfigurationIsVisible = 0;
			defaultConfigurationName = Release;
		};
		118ACA602C4042C700428AA8 /* Build configuration list for PBXNativeTarget "ReservationUITests" */ = {
			isa = XCConfigurationList;
			buildConfigurations = (
				118ACA612C4042C700428AA8 /* Debug */,
				118ACA622C4042C700428AA8 /* Release */,
			);
			defaultConfigurationIsVisible = 0;
			defaultConfigurationName = Release;
		};
/* End XCConfigurationList section */
	};
	rootObject = 118ACA2D2C4042C300428AA8 /* Project object */;
}
